
Microsoft Visual Studio Solution File, Format Version 12.00
# Visual Studio Version 18
VisualStudioVersion = 18.7.11925.98 stable
MinimumVisualStudioVersion = 10.0.40219.1
Project("{FAE04EC0-301F-11D3-BF4B-00C04F79EFBC}") = "SistemaVotacion.API", "SistemaVotacion.API\SistemaVotacion.API.csproj", "{AE78CF0C-1E44-4C37-A2A4-A7D2A393ABAF}"
EndProject
Project("{FAE04EC0-301F-11D3-BF4B-00C04F79EFBC}") = "SistemaVotacion.Core", "SistemaVotacion.Core\SistemaVotacion.Core.csproj", "{0953FE17-3982-4898-BB7B-CEA4C55D1DD3}"
EndProject
Project("{FAE04EC0-301F-11D3-BF4B-00C04F79EFBC}") = "SistemaVotacion.Infrastructure", "SistemaVotacion.Infrastructure\SistemaVotacion.Infrastructure.csproj", "{C5E396F7-5326-449A-BE3F-DF6103EF2113}"
EndProject
Project("{2150E333-8FDC-42A3-9474-1A3956D46DE8}") = ".github", ".github", "{9CC41013-9A59-4D70-9565-F00F2EAB1332}"
	ProjectSection(SolutionItems) = preProject
		instruccions.md = instruccions.md
	EndProjectSection
EndProject
Project("{2150E333-8FDC-42A3-9474-1A3956D46DE8}") = "agents", "agents", "{AE7B868C-F89E-4CF5-B842-9D20B6F4D9D4}"
EndProject
Global
	GlobalSection(SolutionConfigurationPlatforms) = preSolution
		Debug|Any CPU = Debug|Any CPU
		Release|Any CPU = Release|Any CPU
	EndGlobalSection
	GlobalSection(ProjectConfigurationPlatforms) = postSolution
		{AE78CF0C-1E44-4C37-A2A4-A7D2A393ABAF}.Debug|Any CPU.ActiveCfg = Debug|Any CPU
		{AE78CF0C-1E44-4C37-A2A4-A7D2A393ABAF}.Debug|Any CPU.Build.0 = Debug|Any CPU
		{AE78CF0C-1E44-4C37-A2A4-A7D2A393ABAF}.Release|Any CPU.ActiveCfg = Release|Any CPU
		{AE78CF0C-1E44-4C37-A2A4-A7D2A393ABAF}.Release|Any CPU.Build.0 = Release|Any CPU
		{0953FE17-3982-4898-BB7B-CEA4C55D1DD3}.Debug|Any CPU.ActiveCfg = Debug|Any CPU
		{0953FE17-3982-4898-BB7B-CEA4C55D1DD3}.Debug|Any CPU.Build.0 = Debug|Any CPU
		{0953FE17-3982-4898-BB7B-CEA4C55D1DD3}.Release|Any CPU.ActiveCfg = Release|Any CPU
		{0953FE17-3982-4898-BB7B-CEA4C55D1DD3}.Release|Any CPU.Build.0 = Release|Any CPU
		{C5E396F7-5326-449A-BE3F-DF6103EF2113}.Debug|Any CPU.ActiveCfg = Debug|Any CPU
		{C5E396F7-5326-449A-BE3F-DF6103EF2113}.Debug|Any CPU.Build.0 = Debug|Any CPU
		{C5E396F7-5326-449A-BE3F-DF6103EF2113}.Release|Any CPU.ActiveCfg = Release|Any CPU
		{C5E396F7-5326-449A-BE3F-DF6103EF2113}.Release|Any CPU.Build.0 = Release|Any CPU
	EndGlobalSection
	GlobalSection(SolutionProperties) = preSolution
		HideSolutionNode = FALSE
	EndGlobalSection
	GlobalSection(NestedProjects) = preSolution
		{AE7B868C-F89E-4CF5-B842-9D20B6F4D9D4} = {9CC41013-9A59-4D70-9565-F00F2EAB1332}
	EndGlobalSection
	GlobalSection(ExtensibilityGlobals) = postSolution
		SolutionGuid = {4D31A155-AC7B-47E8-9874-81D4F982156B}
	EndGlobalSection
EndGlobal
